
Microsoft Visual Studio Solution File, Format Version 12.00
# Visual Studio Version 17
VisualStudioVersion = 17.3.32804.467
MinimumVisualStudioVersion = 10.0.40219.1
Project("{FAE04EC0-301F-11D3-BF4B-00C04F79EFBC}") = "netcorepractice.API", "netcorepractice.API\netcorepractice.API.csproj", "{261F6D51-B645-43CF-A629-1F335FF8E728}"
EndProject
Global
	GlobalSection(SolutionConfigurationPlatforms) = preSolution
		Debug|Any CPU = Debug|Any CPU
		Release|Any CPU = Release|Any CPU
	EndGlobalSection
	GlobalSection(ProjectConfigurationPlatforms) = postSolution
		{261F6D51-B645-43CF-A629-1F335FF8E728}.Debug|Any CPU.ActiveCfg = Debug|Any CPU
		{261F6D51-B645-43CF-A629-1F335FF8E728}.Debug|Any CPU.Build.0 = Debug|Any CPU
		{261F6D51-B645-43CF-A629-1F335FF8E728}.Release|Any CPU.ActiveCfg = Release|Any CPU
		{261F6D51-B645-43CF-A629-1F335FF8E728}.Release|Any CPU.Build.0 = Release|Any CPU
	EndGlobalSection
	GlobalSection(SolutionProperties) = preSolution
		HideSolutionNode = FALSE
	EndGlobalSection
	GlobalSection(ExtensibilityGlobals) = postSolution
		SolutionGuid = {23A76069-21CC-4DFA-9994-7D2FDBE720B9}
	EndGlobalSection
EndGlobal
